# THIS IS AN AUTOGENERATED FILE. DO NOT EDIT THIS FILE DIRECTLY.
# yarn lockfile v1


"@antv/g-webgpu-core@^0.5.5", "@antv/g-webgpu-core@^0.5.6":
  version "0.5.6"
  resolved "https://registry.npmmirror.com/@antv/g-webgpu-core/-/g-webgpu-core-0.5.6.tgz#68cde0b5d0b44b5794371c2523682f4734da3c6c"
  integrity sha512-DPiH3GkAUiT0Q+LAKeImpI+IOQ/gP2w6HstYKivpFIpBPIvZ/9equM3icVrn1iDfDkZANVXQ1PppcO3xBv1ZTw==
  dependencies:
    eventemitter3 "^4.0.0"
    gl-matrix "^3.1.0"
    inversify "^5.0.1"
    inversify-inject-decorators "^3.1.0"
    probe.gl "^3.1.1"
    reflect-metadata "^0.1.13"

"@antv/g-webgpu-engine@^0.5.5":
  version "0.5.6"
  resolved "https://registry.npmmirror.com/@antv/g-webgpu-engine/-/g-webgpu-engine-0.5.6.tgz#be7c1bf8e4b1822d72a302d628034345e0577bbd"
  integrity sha512-D311qYUefdEFwLayutIHqucrAY3cAGH3BdnXS37nq+0nsglrHcNP0Ab1YTinn9RihLoY3yXFTLzrYkJHJbZXDg==
  dependencies:
    "@antv/g-webgpu-core" "^0.5.6"
    "@webgpu/glslang" "^0.0.15"
    "@webgpu/types" "^0.0.31"
    gl-matrix "^3.1.0"
    hammerjs "^2.0.8"
    inversify "^5.0.1"
    inversify-inject-decorators "^3.1.0"
    probe.gl "^3.1.1"
    reflect-metadata "^0.1.13"
    regl "^1.3.11"

"@antv/g-webgpu@0.5.5":
  version "0.5.5"
  resolved "https://registry.npmmirror.com/@antv/g-webgpu/-/g-webgpu-0.5.5.tgz#003d411453ed03e7dd916bd6c6db26a2b53d1991"
  integrity sha512-TxtBniINFq1jFGEPo46xjJfrbJbUqkFd5wmsRs3tcg/7J7xoldOP1kEadpI3AJG9knMYdE92VpILw1VPd6DgzQ==
  dependencies:
    "@antv/g-webgpu-core" "^0.5.5"
    "@antv/g-webgpu-engine" "^0.5.5"
    "@webgpu/types" "^0.0.31"
    gl-matrix "^3.1.0"
    gl-vec2 "^1.3.0"
    hammerjs "^2.0.8"
    inversify "^5.0.1"
    inversify-inject-decorators "^3.1.0"
    polyline-miter-util "^1.0.1"
    polyline-normals "^2.0.2"
    probe.gl "^3.1.1"
    reflect-metadata "^0.1.13"

"@antv/graphlib@^1.0.0":
  version "1.2.0"
  resolved "https://registry.npmmirror.com/@antv/graphlib/-/graphlib-1.2.0.tgz#c88f97d4b3456d261480a1207ffc4fbc5d7dcf0d"
  integrity sha512-hhJOMThec51nU4Fe5p/viLlNIL71uDEgYFzKPajWjr2715SFG1HAgiP6AVylIeqBcAZ04u3Lw7usjl/TuI5RuQ==

"@antv/hierarchy@^0.6.11":
  version "0.6.14"
  resolved "https://registry.npmmirror.com/@antv/hierarchy/-/hierarchy-0.6.14.tgz#4e8b4966c9c2a44aaa6f9da7008c4bd44d490385"
  integrity sha512-V3uknf7bhynOqQDw2sg+9r9DwZ9pc6k/EcqyTFdfXB1+ydr7urisP0MipIuimucvQKN+Qkd+d6w601r1UIroqQ==

"@antv/layout@^0.2.5":
  version "0.2.5"
  resolved "https://registry.npmmirror.com/@antv/layout/-/layout-0.2.5.tgz#bdb02d2eebd2f11dccdf0af5aca74e2fd32d62d0"
  integrity sha512-YezISSc5wp88QLvytS2mm/3sFvJYTafIWEvjvp4DIIfIkt8fzZZSJHXJVky3VIqGwbkmD278lMWQQmQ8W1EWEA==
  dependencies:
    "@antv/g-webgpu" "0.5.5"
    "@antv/graphlib" "^1.0.0"
    d3-force "^2.0.1"
    dagre-compound "^0.0.11"
    ml-matrix "^6.5.0"

"@antv/x6-common@^2.0.16":
  version "2.0.17"
  resolved "https://registry.npmmirror.com/@antv/x6-common/-/x6-common-2.0.17.tgz#a40a0920859faadf567452dea81132783a19aaa4"
  integrity sha512-37g7vmRkNdYzZPdwjaMSZEGv/MMH0S4r70/Jwoab1mioycmuIBN73iyziX8m56BvJSDucZ3J/6DU07otWqzS6A==
  dependencies:
    lodash-es "^4.17.15"
    utility-types "^3.10.0"

"@antv/x6-geometry@^2.0.5":
  version "2.0.5"
  resolved "https://registry.npmmirror.com/@antv/x6-geometry/-/x6-geometry-2.0.5.tgz#c158317d74135bedd78c2fdeb76f9c7cfa0ef0aa"
  integrity sha512-MId6riEQkxphBpVeTcL4ZNXL4lScyvDEPLyIafvWMcWNTGK0jgkK7N20XSzqt8ltJb0mGUso5s56mrk8ysHu2A==

"@antv/x6-plugin-clipboard@^2.1.6":
  version "2.1.6"
  resolved "https://registry.npmmirror.com/@antv/x6-plugin-clipboard/-/x6-plugin-clipboard-2.1.6.tgz#98886d5b16a175b67f142ef66c75907de7c1b069"
  integrity sha512-roZPLnZx6PK8MBvee0QMo90fz/TXeF0WNe4EGin2NBq5M1I5XTWrYvA6N2XVIiWAAI67gjQeEE8TpkL7f8QdqA==

"@antv/x6-plugin-dnd@^2.1.1":
  version "2.1.1"
  resolved "https://registry.npmmirror.com/@antv/x6-plugin-dnd/-/x6-plugin-dnd-2.1.1.tgz#4d9afed8e8105e01e31cdf526068fa686fb6b4aa"
  integrity sha512-v0szzik1RkadPDn4Qi5mOSaB2AeI78D40/YuCYbPVzplG+HydGsHwO3MLTgJPQ+R5n0eM0W5F850p1VfTOHR7g==

"@antv/x6-plugin-export@^2.1.6":
  version "2.1.6"
  resolved "https://registry.npmmirror.com/@antv/x6-plugin-export/-/x6-plugin-export-2.1.6.tgz#f8cedab3707c43728baaf0f0bfb1e75ec4a61a30"
  integrity sha512-m0ukMmZhrFE5n7uCR43DVQBdiUfpjGN+vm1mc+6RTZdHK8pa6Mxr0RZztaxPy34YA4tli+bGY3ePslsNPfh6PQ==

"@antv/x6-plugin-history@^2.2.4":
  version "2.2.4"
  resolved "https://registry.npmmirror.com/@antv/x6-plugin-history/-/x6-plugin-history-2.2.4.tgz#c4a543b8a2b6ae8b6934ec69067688459cae6c48"
  integrity sha512-9gHHvEW4Fla+1hxUV49zNgJyIMoV9CjVM52MrFgAJcvyRn1Kvxz4MfxiKlG+DEZUs+/zvfjl9pS6gJOd8laRkg==

"@antv/x6-plugin-keyboard@^2.2.3":
  version "2.2.3"
  resolved "https://registry.npmmirror.com/@antv/x6-plugin-keyboard/-/x6-plugin-keyboard-2.2.3.tgz#4f774ad27527596400ba85ce8597cf8ad7e65ff8"
  integrity sha512-pnCIC+mDyKKfkcDyLePfGxKVIqXBcldTgannITkHC1kc0IafRS1GMvzpvuDGrM5haRYd6Nwz8kjkJyHkJE4GPA==
  dependencies:
    mousetrap "^1.6.5"

"@antv/x6-plugin-minimap@^2.0.7":
  version "2.0.7"
  resolved "https://registry.npmmirror.com/@antv/x6-plugin-minimap/-/x6-plugin-minimap-2.0.7.tgz#1f319ac04de7d05ca895ea6e2784489efe068791"
  integrity sha512-8zzESCx0jguFPCOKCA0gPFb6JmRgq81CXXtgJYe34XhySdZ6PB23I5Po062lNsEuTjTjnzli4lju8vvU+jzlGw==

"@antv/x6-plugin-scroller@^2.0.10":
  version "2.0.10"
  resolved "https://registry.npmmirror.com/@antv/x6-plugin-scroller/-/x6-plugin-scroller-2.0.10.tgz#bdd39d3530e469bbe72c5feca3b6787512232a3d"
  integrity sha512-CrC5zCbtPe7LJEKK8ucLcDN+9lMtTJNApFmFObAiR/y2LO1QFCHz8GGLVeNOZaIEmJbR/Z/etpJkvc1LE7WhTg==

"@antv/x6-plugin-selection@^2.2.2":
  version "2.2.2"
  resolved "https://registry.npmmirror.com/@antv/x6-plugin-selection/-/x6-plugin-selection-2.2.2.tgz#681c843124c2150af51594e8e1fc947b5e95e858"
  integrity sha512-s2gtR9Onlhr7HOHqyqg0d+4sG76JCcQEbvrZZ64XmSChlvieIPlC3YtH4dg1KMNhYIuBmBmpSum6S0eVTEiPQw==

"@antv/x6-plugin-snapline@^2.1.7":
  version "2.1.7"
  resolved "https://registry.npmmirror.com/@antv/x6-plugin-snapline/-/x6-plugin-snapline-2.1.7.tgz#1b4e3be0a281ba324117b7ac7b9b8c39e484cce2"
  integrity sha512-AsysoCb9vES0U2USNhEpYuO/W8I0aYfkhlbee5Kt4NYiMfQfZKQyqW/YjDVaS2pm38C1NKu1LdPVk/BBr4CasA==

"@antv/x6-plugin-transform@^2.1.8":
  version "2.1.8"
  resolved "https://registry.npmmirror.com/@antv/x6-plugin-transform/-/x6-plugin-transform-2.1.8.tgz#0a40cf63f1a0a882b08c800e37319973ba12e4c1"
  integrity sha512-GvJuiJ4BKp0H7+qx3R1I+Vzbw5gXp9+oByXo/WyVxE3urOC7LC5sqnaDfIjyYMN6ROLPYPZraLSeSyYBgMgcDw==

"@antv/x6-vue-shape@^2.1.2":
  version "2.1.2"
  resolved "https://registry.npmmirror.com/@antv/x6-vue-shape/-/x6-vue-shape-2.1.2.tgz#880abc2842f47f668c3de97cbacd1618bee1427a"
  integrity sha512-lfLNJ2ztK8NP2JBAWTD6m5Wol0u6tOqj2KdOhWZoT8EtEw9rMmAdxsr8uTi9MRJO9pDMM0nbsR3cidnMh7VeDQ==
  dependencies:
    vue-demi latest

"@antv/x6@^2.18.1":
  version "2.18.1"
  resolved "https://registry.npmmirror.com/@antv/x6/-/x6-2.18.1.tgz#4f3fab8c24119ca5f83583188657fc243cc5a0bc"
  integrity sha512-FkWdbLOpN9J7dfJ+kiBxzowSx2N6syBily13NMVdMs+wqC6Eo5sLXWCZjQHateTFWgFw7ZGi2y9o3Pmdov1sXw==
  dependencies:
    "@antv/x6-common" "^2.0.16"
    "@antv/x6-geometry" "^2.0.5"
    utility-types "^3.10.0"

"@babel/runtime@^7.0.0":
  version "7.28.4"
  resolved "https://registry.npmmirror.com/@babel/runtime/-/runtime-7.28.4.tgz#a70226016fabe25c5783b2f22d3e1c9bc5ca3326"
  integrity sha512-Q/N6JNWvIvPnLDvjlE1OUBLPQHH6l3CltCEsHIujp45zQUSSh8K+gHnaEX45yAT1nyngnINhvWtzN+Nb9D8RAQ==

"@probe.gl/env@3.6.0":
  version "3.6.0"
  resolved "https://registry.npmmirror.com/@probe.gl/env/-/env-3.6.0.tgz#33343fd9041a14d21374c1911826d4a2f9d9a35d"
  integrity sha512-4tTZYUg/8BICC3Yyb9rOeoKeijKbZHRXBEKObrfPmX4sQmYB15ZOUpoVBhAyJkOYVAM8EkPci6Uw5dLCwx2BEQ==
  dependencies:
    "@babel/runtime" "^7.0.0"

"@probe.gl/log@3.6.0":
  version "3.6.0"
  resolved "https://registry.npmmirror.com/@probe.gl/log/-/log-3.6.0.tgz#c645bfd22b4769dc65161caa17f13bd2b231e413"
  integrity sha512-hjpyenpEvOdowgZ1qMeCJxfRD4JkKdlXz0RC14m42Un62NtOT+GpWyKA4LssT0+xyLULCByRAtG2fzZorpIAcA==
  dependencies:
    "@babel/runtime" "^7.0.0"
    "@probe.gl/env" "3.6.0"

"@probe.gl/stats@3.6.0":
  version "3.6.0"
  resolved "https://registry.npmmirror.com/@probe.gl/stats/-/stats-3.6.0.tgz#a1bb12860fa6f40b9c028f9eb575d7ada0b4dbdd"
  integrity sha512-JdALQXB44OP4kUBN/UrQgzbJe4qokbVF4Y8lkIA8iVCFnjVowWIgkD/z/0QO65yELT54tTrtepw1jScjKB+rhQ==
  dependencies:
    "@babel/runtime" "^7.0.0"

"@vxe-ui/core@^4.2.14":
  version "4.2.14"
  resolved "https://registry.npmmirror.com/@vxe-ui/core/-/core-4.2.14.tgz#cfafc0bfbfe9ffb428f2a75ae0ce1dc007cca808"
  integrity sha512-ONu8vgW8+q0SFtAoUEPZibFjlx0nzAKTqTXD9pO2AmgYCIMtYIePFLnqiHIYaYfH/dCibVZ6KGWUc/wqxnbGDw==
  dependencies:
    dom-zindex "^1.0.6"
    xe-utils "^3.7.9"

"@webgpu/glslang@^0.0.15":
  version "0.0.15"
  resolved "https://registry.npmmirror.com/@webgpu/glslang/-/glslang-0.0.15.tgz#f5ccaf6015241e6175f4b90906b053f88483d1f2"
  integrity sha512-niT+Prh3Aff8Uf1MVBVUsaNjFj9rJAKDXuoHIKiQbB+6IUP/3J3JIhBNyZ7lDhytvXxw6ppgnwKZdDJ08UMj4Q==

"@webgpu/types@^0.0.31":
  version "0.0.31"
  resolved "https://registry.npmmirror.com/@webgpu/types/-/types-0.0.31.tgz#c05ec6e60024bf1836f31236ecd7677a969a2a2c"
  integrity sha512-cvvCMSZBT4VsRNtt0lI6XQqvOIIWw6+NRUtnPUMDVDgsI4pCZColz3qzF5QcP9wIYOHEc3jssIBse8UWONKhlQ==

adler-32@~1.3.0:
  version "1.3.1"
  resolved "https://registry.npmmirror.com/adler-32/-/adler-32-1.3.1.tgz#1dbf0b36dda0012189a32b3679061932df1821e2"
  integrity sha512-ynZ4w/nUUv5rrsR8UUGoe1VC9hZj6V5hU9Qw1HlMDJGEJw5S7TfTErWTjMys6M7vr0YWcPqs3qAr4ss0nDfP+A==

cfb@~1.2.1:
  version "1.2.2"
  resolved "https://registry.npmmirror.com/cfb/-/cfb-1.2.2.tgz#94e687628c700e5155436dac05f74e08df23bc44"
  integrity sha512-KfdUZsSOw19/ObEWasvBP/Ac4reZvAGauZhs6S/gqNhXhI7cKwvlH7ulj+dOEYnca4bm4SGo8C1bTAQvnTjgQA==
  dependencies:
    adler-32 "~1.3.0"
    crc-32 "~1.2.0"

codepage@~1.15.0:
  version "1.15.0"
  resolved "https://registry.npmmirror.com/codepage/-/codepage-1.15.0.tgz#2e00519024b39424ec66eeb3ec07227e692618ab"
  integrity sha512-3g6NUTPd/YtuuGrhMnOMRjFc+LJw/bnMp3+0r/Wcz3IXUuCosKRJvMphm5+Q+bvTVGcJJuRvVLuYba+WojaFaA==

crc-32@~1.2.0, crc-32@~1.2.1:
  version "1.2.2"
  resolved "https://registry.npmmirror.com/crc-32/-/crc-32-1.2.2.tgz#3cad35a934b8bf71f25ca524b6da51fb7eace2ff"
  integrity sha512-ROmzCKrTnOwybPcJApAA6WBWij23HVfGVNKqqrZpuyZOHqK2CwHSvpGuyt/UNNvaIjEd8X5IFGp4Mh+Ie1IHJQ==

"d3-dispatch@1 - 2":
  version "2.0.0"
  resolved "https://registry.npmmirror.com/d3-dispatch/-/d3-dispatch-2.0.0.tgz#8a18e16f76dd3fcaef42163c97b926aa9b55e7cf"
  integrity sha512-S/m2VsXI7gAti2pBoLClFFTMOO1HTtT0j99AuXLoGFKO6deHDdnv6ZGTxSTTUTgO1zVcv82fCOtDjYK4EECmWA==

d3-force@^2.0.1:
  version "2.1.1"
  resolved "https://registry.npmmirror.com/d3-force/-/d3-force-2.1.1.tgz#f20ccbf1e6c9e80add1926f09b51f686a8bc0937"
  integrity sha512-nAuHEzBqMvpFVMf9OX75d00OxvOXdxY+xECIXjW6Gv8BRrXu6gAWbv/9XKrvfJ5i5DCokDW7RYE50LRoK092ew==
  dependencies:
    d3-dispatch "1 - 2"
    d3-quadtree "1 - 2"
    d3-timer "1 - 2"

"d3-quadtree@1 - 2":
  version "2.0.0"
  resolved "https://registry.npmmirror.com/d3-quadtree/-/d3-quadtree-2.0.0.tgz#edbad045cef88701f6fee3aee8e93fb332d30f9d"
  integrity sha512-b0Ed2t1UUalJpc3qXzKi+cPGxeXRr4KU9YSlocN74aTzp6R/Ud43t79yLLqxHRWZfsvWXmbDWPpoENK1K539xw==

"d3-timer@1 - 2":
  version "2.0.0"
  resolved "https://registry.npmmirror.com/d3-timer/-/d3-timer-2.0.0.tgz#055edb1d170cfe31ab2da8968deee940b56623e6"
  integrity sha512-TO4VLh0/420Y/9dO3+f9abDEFYeCUr2WZRlxJvbp4HPTQcSylXNiL6yZa9FIUvV1yRiFufl1bszTCLDqv9PWNA==

dagre-compound@^0.0.11:
  version "0.0.11"
  resolved "https://registry.npmmirror.com/dagre-compound/-/dagre-compound-0.0.11.tgz#8d3d1004d756f420582d29f28c92045375018987"
  integrity sha512-UrSgRP9LtOZCYb9e5doolZXpc7xayyszgyOs7uakTK4n4KsLegLVTRRtq01GpQd/iZjYw5fWMapx9ed+c80MAQ==

dom-zindex@^1.0.6:
  version "1.0.6"
  resolved "https://registry.npmmirror.com/dom-zindex/-/dom-zindex-1.0.6.tgz#0f911b39d3e542232ad91307638dbb869643f89e"
  integrity sha512-FKWIhiU96bi3xpP9ewRMgANsoVmMUBnMnmpCT6dPMZOunVYJQmJhSRruoI0XSPoHeIif3kyEuiHbFrOJwEJaEA==

eventemitter3@^4.0.0:
  version "4.0.7"
  resolved "https://registry.npmmirror.com/eventemitter3/-/eventemitter3-4.0.7.tgz#2de9b68f6528d5644ef5c59526a1b4a07306169f"
  integrity sha512-8guHBZCwKnFhYdHr2ysuRWErTwhoN2X8XELRlrRwpmfeY2jjuUN4taQMsULKUVo1K4DvZl+0pgfyoysHxvmvEw==

frac@~1.1.2:
  version "1.1.2"
  resolved "https://registry.npmmirror.com/frac/-/frac-1.1.2.tgz#3d74f7f6478c88a1b5020306d747dc6313c74d0b"
  integrity sha512-w/XBfkibaTl3YDqASwfDUqkna4Z2p9cFSr1aHDt0WoMTECnRfBOv2WArlZILlqgWlmdIlALXGpM2AOhEk5W3IA==

gl-matrix@^3.1.0:
  version "3.4.4"
  resolved "https://registry.npmmirror.com/gl-matrix/-/gl-matrix-3.4.4.tgz#7789ee4982f62c7a7af447ee488f3bd6b0c77003"
  integrity sha512-latSnyDNt/8zYUB6VIJ6PCh2jBjJX6gnDsoCZ7LyW7GkqrD51EWwa9qCoGixj8YqBtETQK/xY7OmpTF8xz1DdQ==

gl-vec2@^1.0.0, gl-vec2@^1.3.0:
  version "1.3.0"
  resolved "https://registry.npmmirror.com/gl-vec2/-/gl-vec2-1.3.0.tgz#83d472ed46034de8e09cbc857123fb6c81c51199"
  integrity sha512-YiqaAuNsheWmUV0Sa8k94kBB0D6RWjwZztyO+trEYS8KzJ6OQB/4686gdrf59wld4hHFIvaxynO3nRxpk1Ij/A==

hammerjs@^2.0.8:
  version "2.0.8"
  resolved "https://registry.npmmirror.com/hammerjs/-/hammerjs-2.0.8.tgz#04ef77862cff2bb79d30f7692095930222bf60f1"
  integrity sha512-tSQXBXS/MWQOn/RKckawJ61vvsDpCom87JgxiYdGwHdOa0ht0vzUWDlfioofFCRU0L+6NGDt6XzbgoJvZkMeRQ==

inversify-inject-decorators@^3.1.0:
  version "3.1.0"
  resolved "https://registry.npmmirror.com/inversify-inject-decorators/-/inversify-inject-decorators-3.1.0.tgz#d9941080bad77cec8a65ee29d905e4d5d73e1e95"
  integrity sha512-/seBlVp5bXrLQS3DpKEmlgeZL6C7Tf/QITd+IMQrbBBGuCbxb7k3hRAWu9XSreNpFzLgSboz3sClLSEmGwHphw==

inversify@^5.0.1:
  version "5.1.1"
  resolved "https://registry.npmmirror.com/inversify/-/inversify-5.1.1.tgz#6fbd668c591337404e005a1946bfe0d802c08730"
  integrity sha512-j8grHGDzv1v+8T1sAQ+3boTCntFPfvxLCkNcxB1J8qA0lUN+fAlSyYd+RXKvaPRL4AGyPxViutBEJHNXOyUdFQ==

is-any-array@^2.0.0, is-any-array@^2.0.1:
  version "2.0.1"
  resolved "https://registry.npmmirror.com/is-any-array/-/is-any-array-2.0.1.tgz#9233242a9c098220290aa2ec28f82ca7fa79899e"
  integrity sha512-UtilS7hLRu++wb/WBAw9bNuP1Eg04Ivn1vERJck8zJthEvXCBEBpGR/33u/xLKWEQf95803oalHrVDptcAvFdQ==

lodash-es@^4.17.15:
  version "4.17.21"
  resolved "https://registry.npmmirror.com/lodash-es/-/lodash-es-4.17.21.tgz#43e626c46e6591b7750beb2b50117390c609e3ee"
  integrity sha512-mKnC+QJ9pWVzv+C4/U3rRsHapFfHvQFoFB92e52xeyGMcX6/OlIl78je1u8vePzYZSkkogMPJ2yjxxsb89cxyw==

ml-array-max@^1.2.4:
  version "1.2.4"
  resolved "https://registry.npmmirror.com/ml-array-max/-/ml-array-max-1.2.4.tgz#2373e2b7e51c8807e456cc0ef364c5863713623b"
  integrity sha512-BlEeg80jI0tW6WaPyGxf5Sa4sqvcyY6lbSn5Vcv44lp1I2GR6AWojfUvLnGTNsIXrZ8uqWmo8VcG1WpkI2ONMQ==
  dependencies:
    is-any-array "^2.0.0"

ml-array-min@^1.2.3:
  version "1.2.3"
  resolved "https://registry.npmmirror.com/ml-array-min/-/ml-array-min-1.2.3.tgz#662f027c400105816b849cc3cd786915d0801495"
  integrity sha512-VcZ5f3VZ1iihtrGvgfh/q0XlMobG6GQ8FsNyQXD3T+IlstDv85g8kfV0xUG1QPRO/t21aukaJowDzMTc7j5V6Q==
  dependencies:
    is-any-array "^2.0.0"

ml-array-rescale@^1.3.7:
  version "1.3.7"
  resolved "https://registry.npmmirror.com/ml-array-rescale/-/ml-array-rescale-1.3.7.tgz#c4d129320d113a732e62dd963dc1695bba9a5340"
  integrity sha512-48NGChTouvEo9KBctDfHC3udWnQKNKEWN0ziELvY3KG25GR5cA8K8wNVzracsqSW1QEkAXjTNx+ycgAv06/1mQ==
  dependencies:
    is-any-array "^2.0.0"
    ml-array-max "^1.2.4"
    ml-array-min "^1.2.3"

ml-matrix@^6.5.0:
  version "6.12.1"
  resolved "https://registry.npmmirror.com/ml-matrix/-/ml-matrix-6.12.1.tgz#8fc99365f7294d27076f0ce405b589e1c04ca1b0"
  integrity sha512-TJ+8eOFdp+INvzR4zAuwBQJznDUfktMtOB6g/hUcGh3rcyjxbz4Te57Pgri8Q9bhSQ7Zys4IYOGhFdnlgeB6Lw==
  dependencies:
    is-any-array "^2.0.1"
    ml-array-rescale "^1.3.7"

mousetrap@^1.6.5:
  version "1.6.5"
  resolved "https://registry.npmmirror.com/mousetrap/-/mousetrap-1.6.5.tgz#8a766d8c272b08393d5f56074e0b5ec183485bf9"
  integrity sha512-QNo4kEepaIBwiT8CDhP98umTetp+JNfQYBWvC1pc6/OAibuXtRcxZ58Qz8skvEHYvURne/7R8T5VoOI7rDsEUA==

polyline-miter-util@^1.0.1:
  version "1.0.1"
  resolved "https://registry.npmmirror.com/polyline-miter-util/-/polyline-miter-util-1.0.1.tgz#b693f2389ea0ded36a6bcf5ecd2ece4b6917d957"
  integrity sha512-/3u91zz6mBerBZo6qnOJOTjv7EfPhKtsV028jMyj86YpzLRNmCCFfrX7IO9tCEQ2W4x45yc+vKOezjf7u2Nd6Q==
  dependencies:
    gl-vec2 "^1.0.0"

polyline-normals@^2.0.2:
  version "2.0.2"
  resolved "https://registry.npmmirror.com/polyline-normals/-/polyline-normals-2.0.2.tgz#a1737e75d8c0dccb1a591f9cb27f09eef4b7d135"
  integrity sha512-dpHrAi61ymhsB4N0XlNb3YpkKJeTFnXBXDWpeH8Ucstq0TUZrCN3YK4Jlgk8ofMWN25lhGC4wnxLMv+TUK8rig==
  dependencies:
    polyline-miter-util "^1.0.1"

probe.gl@^3.1.1:
  version "3.6.0"
  resolved "https://registry.npmmirror.com/probe.gl/-/probe.gl-3.6.0.tgz#e816234412b27a70b9be029cb82c8cf96cd72659"
  integrity sha512-19JydJWI7+DtR4feV+pu4Mn1I5TAc0xojuxVgZdXIyfmTLfUaFnk4OloWK1bKbPtkgGKLr2lnbnCXmpZEcEp9g==
  dependencies:
    "@babel/runtime" "^7.0.0"
    "@probe.gl/env" "3.6.0"
    "@probe.gl/log" "3.6.0"
    "@probe.gl/stats" "3.6.0"

reflect-metadata@^0.1.13:
  version "0.1.14"
  resolved "https://registry.npmmirror.com/reflect-metadata/-/reflect-metadata-0.1.14.tgz#24cf721fe60677146bb77eeb0e1f9dece3d65859"
  integrity sha512-ZhYeb6nRaXCfhnndflDK8qI6ZQ/YcWZCISRAWICW9XYqMUwjZM9Z0DveWX/ABN01oxSHwVxKQmxeYZSsm0jh5A==

regl@^1.3.11:
  version "1.7.0"
  resolved "https://registry.npmmirror.com/regl/-/regl-1.7.0.tgz#0d185431044a356bf80e9b775b11b935ef2746d3"
  integrity sha512-bEAtp/qrtKucxXSJkD4ebopFZYP0q1+3Vb2WECWv/T8yQEgKxDxJ7ztO285tAMaYZVR6mM1GgI6CCn8FROtL1w==

ssf@~0.11.2:
  version "0.11.2"
  resolved "https://registry.npmmirror.com/ssf/-/ssf-0.11.2.tgz#0b99698b237548d088fc43cdf2b70c1a7512c06c"
  integrity sha512-+idbmIXoYET47hH+d7dfm2epdOMUDjqcB4648sTZ+t2JwoyBFL/insLfB/racrDmsKB3diwsDA696pZMieAC5g==
  dependencies:
    frac "~1.1.2"

utility-types@^3.10.0:
  version "3.11.0"
  resolved "https://registry.npmmirror.com/utility-types/-/utility-types-3.11.0.tgz#607c40edb4f258915e901ea7995607fdf319424c"
  integrity sha512-6Z7Ma2aVEWisaL6TvBCy7P8rm2LQoPv6dJ7ecIaIixHcwfbJ0x7mWdbcwlIM5IGQxPZSFYeqRCqlOOeKoJYMkw==

vue-demi@latest:
  version "0.14.10"
  resolved "https://registry.npmmirror.com/vue-demi/-/vue-demi-0.14.10.tgz#afc78de3d6f9e11bf78c55e8510ee12814522f04"
  integrity sha512-nMZBOwuzabUO0nLgIcc6rycZEebF6eeUfaiQx9+WSk8e29IbLvPU9feI6tqW4kTo3hvoYAJkMh8n8D0fuISphg==

vxe-pc-ui@^4.8.0:
  version "4.10.27"
  resolved "https://registry.npmmirror.com/vxe-pc-ui/-/vxe-pc-ui-4.10.27.tgz#dcc0c3c7e07cc0137c7e14a7bc02dfbb810c531c"
  integrity sha512-Y9o4oAfJuoX1lqYixqiuiTcjGCTqU5Rww+W78CbrJN5TglPJdR0gW7Hq5quR7baCBT3P8JaiFbxtG2gfb9ZcSw==
  dependencies:
    "@vxe-ui/core" "^4.2.14"

vxe-table-plugin-element@^4.0.4:
  version "4.0.4"
  resolved "https://registry.npmmirror.com/vxe-table-plugin-element/-/vxe-table-plugin-element-4.0.4.tgz#36c723ab7ab7a8a9304a9f61bd6d9095f4d3f066"
  integrity sha512-TKhx4Bi45kdXRa9PyjdDtOjQuA9We+ASDdZez/d3DB7p2tFvBwVNnyvwYHT+kJntAeq0pOchmhsYhZeVADMAuw==

vxe-table@^4.17.15:
  version "4.17.15"
  resolved "https://registry.npmmirror.com/vxe-table/-/vxe-table-4.17.15.tgz#727b80e4e51ec2237f20476359dc497c663aa53f"
  integrity sha512-3nLcymzN12ZGTwO/8E2jyZsLA7kUbnZ4ZQgRBYp6+GbeUDX2QVuLgf0mtbS05wtbRuh4RdfRM6Tf+TbvKwhcig==
  dependencies:
    vxe-pc-ui "^4.8.0"

wmf@~1.0.1:
  version "1.0.2"
  resolved "https://registry.npmmirror.com/wmf/-/wmf-1.0.2.tgz#7d19d621071a08c2bdc6b7e688a9c435298cc2da"
  integrity sha512-/p9K7bEh0Dj6WbXg4JG0xvLQmIadrner1bi45VMJTfnbVHsc7yIajZyoSoK60/dtVBs12Fm6WkUI5/3WAVsNMw==

word@~0.3.0:
  version "0.3.0"
  resolved "https://registry.npmmirror.com/word/-/word-0.3.0.tgz#8542157e4f8e849f4a363a288992d47612db9961"
  integrity sha512-OELeY0Q61OXpdUfTp+oweA/vtLVg5VDOXh+3he3PNzLGG/y0oylSOC1xRVj0+l4vQ3tj/bB1HVHv1ocXkQceFA==

xe-utils@^3.7.9:
  version "3.7.9"
  resolved "https://registry.npmmirror.com/xe-utils/-/xe-utils-3.7.9.tgz#e14a861bd8b3103037ef86e437baafbee5a6bb50"
  integrity sha512-LWH6M7g+TKX8P2fqGxDPgJQygiULhbMtpmfxTMxJTUjuUv9y2+I45UCcVLh5AnmJSxDV1xTxsq7G5P9Eid06JQ==

xlsx@^0.18.5:
  version "0.18.5"
  resolved "https://registry.npmmirror.com/xlsx/-/xlsx-0.18.5.tgz#16711b9113c848076b8a177022799ad356eba7d0"
  integrity sha512-dmg3LCjBPHZnQp5/F/+nnTa+miPJxUXB6vtk42YjBBKayDNagxGEeIdWApkYPOf3Z3pm3k62Knjzp7lMeTEtFQ==
  dependencies:
    adler-32 "~1.3.0"
    cfb "~1.2.1"
    codepage "~1.15.0"
    crc-32 "~1.2.1"
    ssf "~0.11.2"
    wmf "~1.0.1"
    word "~0.3.0"
